
Microsoft Visual Studio Solution File, Format Version 12.00
# Visual Studio Version 17
VisualStudioVersion = 17.0.32014.148
MinimumVisualStudioVersion = 10.0.40219.1
Project("{9A19103F-16F7-4668-BE54-9A1E7A4F7556}") = "ConsoleApp", "ConsoleApp\ConsoleApp.csproj", "{416423B8-65E2-4577-B972-CCE8C33CE598}"
EndProject
Project("{FAE04EC0-301F-11D3-BF4B-00C04F79EFBC}") = "MyLib", "MyLib\MyLib.csproj", "{87B2DC70-1DCB-42EA-9162-B02567FC3B6D}"
EndProject
Global
	GlobalSection(SolutionConfigurationPlatforms) = preSolution
		Debug|Any CPU = Debug|Any CPU
		Release|Any CPU = Release|Any CPU
	EndGlobalSection
	GlobalSection(ProjectConfigurationPlatforms) = postSolution
		{416423B8-65E2-4577-B972-CCE8C33CE598}.Debug|Any CPU.ActiveCfg = Debug|Any CPU
		{416423B8-65E2-4577-B972-CCE8C33CE598}.Debug|Any CPU.Build.0 = Debug|Any CPU
		{416423B8-65E2-4577-B972-CCE8C33CE598}.Release|Any CPU.ActiveCfg = Release|Any CPU
		{416423B8-65E2-4577-B972-CCE8C33CE598}.Release|Any CPU.Build.0 = Release|Any CPU
		{87B2DC70-1DCB-42EA-9162-B02567FC3B6D}.Debug|Any CPU.ActiveCfg = Debug|Any CPU
		{87B2DC70-1DCB-42EA-9162-B02567FC3B6D}.Debug|Any CPU.Build.0 = Debug|Any CPU
		{87B2DC70-1DCB-42EA-9162-B02567FC3B6D}.Release|Any CPU.ActiveCfg = Release|Any CPU
		{87B2DC70-1DCB-42EA-9162-B02567FC3B6D}.Release|Any CPU.Build.0 = Release|Any CPU
	EndGlobalSection
	GlobalSection(SolutionProperties) = preSolution
		HideSolutionNode = FALSE
	EndGlobalSection
	GlobalSection(ExtensibilityGlobals) = postSolution
		SolutionGuid = {EF3BE6B5-5EE1-439C-BDE4-7A7F538640F9}
	EndGlobalSection
EndGlobal
